
Microsoft Visual Studio Solution File, Format Version 12.00
# Visual Studio Version 16
VisualStudioVersion = 16.0.32106.194
MinimumVisualStudioVersion = 10.0.40219.1
Project("{FAE04EC0-301F-11D3-BF4B-00C04F79EFBC}") = "day30_Cab_Invoice_Generator", "day30_Cab_Invoice_Generator\day30_Cab_Invoice_Generator.csproj", "{90FD17AF-1833-4E5C-B9A1-7537E9B3CD33}"
EndProject
Global
	GlobalSection(SolutionConfigurationPlatforms) = preSolution
		Debug|Any CPU = Debug|Any CPU
		Release|Any CPU = Release|Any CPU
	EndGlobalSection
	GlobalSection(ProjectConfigurationPlatforms) = postSolution
		{90FD17AF-1833-4E5C-B9A1-7537E9B3CD33}.Debug|Any CPU.ActiveCfg = Debug|Any CPU
		{90FD17AF-1833-4E5C-B9A1-7537E9B3CD33}.Debug|Any CPU.Build.0 = Debug|Any CPU
		{90FD17AF-1833-4E5C-B9A1-7537E9B3CD33}.Release|Any CPU.ActiveCfg = Release|Any CPU
		{90FD17AF-1833-4E5C-B9A1-7537E9B3CD33}.Release|Any CPU.Build.0 = Release|Any CPU
	EndGlobalSection
	GlobalSection(SolutionProperties) = preSolution
		HideSolutionNode = FALSE
	EndGlobalSection
	GlobalSection(ExtensibilityGlobals) = postSolution
		SolutionGuid = {A5194FAD-0681-4BE3-81E3-E54661B47E03}
	EndGlobalSection
EndGlobal
